// !$*UTF8*$!
{
	archiveVersion = 1;
	classes = {
	};
	objectVersion = 56;
	objects = {

/* Begin PBXBuildFile section */
		FBA2BD972BC97AD20047FA3B /* ColorExtension.swift in Sources */ = {isa = PBXBuildFile; fileRef = FBA2BD962BC97AD20047FA3B /* ColorExtension.swift */; };
		FBA2BD9B2BC982C00047FA3B /* ImageExtenion.swift in Sources */ = {isa = PBXBuildFile; fileRef = FBA2BD9A2BC982C00047FA3B /* ImageExtenion.swift */; };
		FBA2BD9E2BC98BEE0047FA3B /* StoreInfo.swift in Sources */ = {isa = PBXBuildFile; fileRef = FBA2BD9D2BC98BEE0047FA3B /* StoreInfo.swift */; };
		FBA2BDA02BC98E410047FA3B /* TimeExtension.swift in Sources */ = {isa = PBXBuildFile; fileRef = FBA2BD9F2BC98E410047FA3B /* TimeExtension.swift */; };
		FBA2BDA22BC98F580047FA3B /* ProductInfo.swift in Sources */ = {isa = PBXBuildFile; fileRef = FBA2BDA12BC98F580047FA3B /* ProductInfo.swift */; };
		FBA2BDA42BC991DF0047FA3B /* StringExtension.swift in Sources */ = {isa = PBXBuildFile; fileRef = FBA2BDA32BC991DF0047FA3B /* StringExtension.swift */; };
		FBA2BDA62BC992800047FA3B /* Constants.swift in Sources */ = {isa = PBXBuildFile; fileRef = FBA2BDA52BC992800047FA3B /* Constants.swift */; };
		FBB65B2E2BC928E700B2B905 /* OPN__ChallengeApp.swift in Sources */ = {isa = PBXBuildFile; fileRef = FBB65B2D2BC928E700B2B905 /* OPN__ChallengeApp.swift */; };
		FBB65B322BC928EA00B2B905 /* Assets.xcassets in Resources */ = {isa = PBXBuildFile; fileRef = FBB65B312BC928EA00B2B905 /* Assets.xcassets */; };
		FBB65B352BC928EA00B2B905 /* Preview Assets.xcassets in Resources */ = {isa = PBXBuildFile; fileRef = FBB65B342BC928EA00B2B905 /* Preview Assets.xcassets */; };
		FBB65B3F2BC928EB00B2B905 /* OPN__ChallengeTests.swift in Sources */ = {isa = PBXBuildFile; fileRef = FBB65B3E2BC928EB00B2B905 /* OPN__ChallengeTests.swift */; };
		FBB65B492BC928EB00B2B905 /* OPN__ChallengeUITests.swift in Sources */ = {isa = PBXBuildFile; fileRef = FBB65B482BC928EB00B2B905 /* OPN__ChallengeUITests.swift */; };
		FBB65B4B2BC928EB00B2B905 /* OPN__ChallengeUITestsLaunchTests.swift in Sources */ = {isa = PBXBuildFile; fileRef = FBB65B4A2BC928EB00B2B905 /* OPN__ChallengeUITestsLaunchTests.swift */; };
		FBB65B5F2BC92E1D00B2B905 /* AppCoordinator.swift in Sources */ = {isa = PBXBuildFile; fileRef = FBB65B5E2BC92E1D00B2B905 /* AppCoordinator.swift */; };
		FBB65B612BC92EA400B2B905 /* AppConstants.swift in Sources */ = {isa = PBXBuildFile; fileRef = FBB65B602BC92EA400B2B905 /* AppConstants.swift */; };
		FBB65B632BC92EDA00B2B905 /* AccessibilityIdentifier.swift in Sources */ = {isa = PBXBuildFile; fileRef = FBB65B622BC92EDA00B2B905 /* AccessibilityIdentifier.swift */; };
		FBB65B652BC92EFB00B2B905 /* ViewFactory.swift in Sources */ = {isa = PBXBuildFile; fileRef = FBB65B642BC92EFB00B2B905 /* ViewFactory.swift */; };
		FBB65B7B2BC9327300B2B905 /* Repository.swift in Sources */ = {isa = PBXBuildFile; fileRef = FBB65B7A2BC9327300B2B905 /* Repository.swift */; };
		FBB65B7E2BC93CA300B2B905 /* SplashView.swift in Sources */ = {isa = PBXBuildFile; fileRef = FBB65B7D2BC93CA300B2B905 /* SplashView.swift */; };
		FBB65B812BC93D2900B2B905 /* StoreProductScreenView.swift in Sources */ = {isa = PBXBuildFile; fileRef = FBB65B802BC93D2900B2B905 /* StoreProductScreenView.swift */; };
		FBB65B842BC93D7E00B2B905 /* OrderScreenView.swift in Sources */ = {isa = PBXBuildFile; fileRef = FBB65B832BC93D7E00B2B905 /* OrderScreenView.swift */; };
		FBB65B872BC93D9700B2B905 /* SuccessSheetView.swift in Sources */ = {isa = PBXBuildFile; fileRef = FBB65B862BC93D9700B2B905 /* SuccessSheetView.swift */; };
/* End PBXBuildFile section */

/* Begin PBXContainerItemProxy section */
		FBB65B3B2BC928EB00B2B905 /* PBXContainerItemProxy */ = {
			isa = PBXContainerItemProxy;
			containerPortal = FBB65B222BC928E700B2B905 /* Project object */;
			proxyType = 1;
			remoteGlobalIDString = FBB65B292BC928E700B2B905;
			remoteInfo = "OPN _Challenge";
		};
		FBB65B452BC928EB00B2B905 /* PBXContainerItemProxy */ = {
			isa = PBXContainerItemProxy;
			containerPortal = FBB65B222BC928E700B2B905 /* Project object */;
			proxyType = 1;
			remoteGlobalIDString = FBB65B292BC928E700B2B905;
			remoteInfo = "OPN _Challenge";
		};
/* End PBXContainerItemProxy section */

/* Begin PBXCopyFilesBuildPhase section */
		FBB65B782BC9306100B2B905 /* Embed Frameworks */ = {
			isa = PBXCopyFilesBuildPhase;
			buildActionMask = 2147483647;
			dstPath = "";
			dstSubfolderSpec = 10;
			files = (
			);
			name = "Embed Frameworks";
			runOnlyForDeploymentPostprocessing = 0;
		};
/* End PBXCopyFilesBuildPhase section */

/* Begin PBXFileReference section */
		FBA2BD962BC97AD20047FA3B /* ColorExtension.swift */ = {isa = PBXFileReference; lastKnownFileType = sourcecode.swift; path = ColorExtension.swift; sourceTree = "<group>"; };
		FBA2BD9A2BC982C00047FA3B /* ImageExtenion.swift */ = {isa = PBXFileReference; lastKnownFileType = sourcecode.swift; path = ImageExtenion.swift; sourceTree = "<group>"; };
		FBA2BD9D2BC98BEE0047FA3B /* StoreInfo.swift */ = {isa = PBXFileReference; lastKnownFileType = sourcecode.swift; path = StoreInfo.swift; sourceTree = "<group>"; };
		FBA2BD9F2BC98E410047FA3B /* TimeExtension.swift */ = {isa = PBXFileReference; lastKnownFileType = sourcecode.swift; path = TimeExtension.swift; sourceTree = "<group>"; };
		FBA2BDA12BC98F580047FA3B /* ProductInfo.swift */ = {isa = PBXFileReference; lastKnownFileType = sourcecode.swift; path = ProductInfo.swift; sourceTree = "<group>"; };
		FBA2BDA32BC991DF0047FA3B /* StringExtension.swift */ = {isa = PBXFileReference; lastKnownFileType = sourcecode.swift; path = StringExtension.swift; sourceTree = "<group>"; };
		FBA2BDA52BC992800047FA3B /* Constants.swift */ = {isa = PBXFileReference; lastKnownFileType = sourcecode.swift; path = Constants.swift; sourceTree = "<group>"; };
		FBB65B2A2BC928E700B2B905 /* OPN _Challenge.app */ = {isa = PBXFileReference; explicitFileType = wrapper.application; includeInIndex = 0; path = "OPN _Challenge.app"; sourceTree = BUILT_PRODUCTS_DIR; };
		FBB65B2D2BC928E700B2B905 /* OPN__ChallengeApp.swift */ = {isa = PBXFileReference; lastKnownFileType = sourcecode.swift; path = OPN__ChallengeApp.swift; sourceTree = "<group>"; };
		FBB65B312BC928EA00B2B905 /* Assets.xcassets */ = {isa = PBXFileReference; lastKnownFileType = folder.assetcatalog; path = Assets.xcassets; sourceTree = "<group>"; };
		FBB65B342BC928EA00B2B905 /* Preview Assets.xcassets */ = {isa = PBXFileReference; lastKnownFileType = folder.assetcatalog; path = "Preview Assets.xcassets"; sourceTree = "<group>"; };
		FBB65B3A2BC928EB00B2B905 /* OPN _ChallengeTests.xctest */ = {isa = PBXFileReference; explicitFileType = wrapper.cfbundle; includeInIndex = 0; path = "OPN _ChallengeTests.xctest"; sourceTree = BUILT_PRODUCTS_DIR; };
		FBB65B3E2BC928EB00B2B905 /* OPN__ChallengeTests.swift */ = {isa = PBXFileReference; lastKnownFileType = sourcecode.swift; path = OPN__ChallengeTests.swift; sourceTree = "<group>"; };
		FBB65B442BC928EB00B2B905 /* OPN _ChallengeUITests.xctest */ = {isa = PBXFileReference; explicitFileType = wrapper.cfbundle; includeInIndex = 0; path = "OPN _ChallengeUITests.xctest"; sourceTree = BUILT_PRODUCTS_DIR; };
		FBB65B482BC928EB00B2B905 /* OPN__ChallengeUITests.swift */ = {isa = PBXFileReference; lastKnownFileType = sourcecode.swift; path = OPN__ChallengeUITests.swift; sourceTree = "<group>"; };
		FBB65B4A2BC928EB00B2B905 /* OPN__ChallengeUITestsLaunchTests.swift */ = {isa = PBXFileReference; lastKnownFileType = sourcecode.swift; path = OPN__ChallengeUITestsLaunchTests.swift; sourceTree = "<group>"; };
		FBB65B5E2BC92E1D00B2B905 /* AppCoordinator.swift */ = {isa = PBXFileReference; lastKnownFileType = sourcecode.swift; path = AppCoordinator.swift; sourceTree = "<group>"; };
		FBB65B602BC92EA400B2B905 /* AppConstants.swift */ = {isa = PBXFileReference; lastKnownFileType = sourcecode.swift; path = AppConstants.swift; sourceTree = "<group>"; };
		FBB65B622BC92EDA00B2B905 /* AccessibilityIdentifier.swift */ = {isa = PBXFileReference; lastKnownFileType = sourcecode.swift; path = AccessibilityIdentifier.swift; sourceTree = "<group>"; };
		FBB65B642BC92EFB00B2B905 /* ViewFactory.swift */ = {isa = PBXFileReference; lastKnownFileType = sourcecode.swift; path = ViewFactory.swift; sourceTree = "<group>"; };
		FBB65B7A2BC9327300B2B905 /* Repository.swift */ = {isa = PBXFileReference; lastKnownFileType = sourcecode.swift; path = Repository.swift; sourceTree = "<group>"; };
		FBB65B7D2BC93CA300B2B905 /* SplashView.swift */ = {isa = PBXFileReference; lastKnownFileType = sourcecode.swift; path = SplashView.swift; sourceTree = "<group>"; };
		FBB65B802BC93D2900B2B905 /* StoreProductScreenView.swift */ = {isa = PBXFileReference; lastKnownFileType = sourcecode.swift; path = StoreProductScreenView.swift; sourceTree = "<group>"; };
		FBB65B832BC93D7E00B2B905 /* OrderScreenView.swift */ = {isa = PBXFileReference; lastKnownFileType = sourcecode.swift; path = OrderScreenView.swift; sourceTree = "<group>"; };
		FBB65B862BC93D9700B2B905 /* SuccessSheetView.swift */ = {isa = PBXFileReference; lastKnownFileType = sourcecode.swift; path = SuccessSheetView.swift; sourceTree = "<group>"; };
/* End PBXFileReference section */

/* Begin PBXFrameworksBuildPhase section */
		FBB65B272BC928E700B2B905 /* Frameworks */ = {
			isa = PBXFrameworksBuildPhase;
			buildActionMask = 2147483647;
			files = (
			);
			runOnlyForDeploymentPostprocessing = 0;
		};
		FBB65B372BC928EB00B2B905 /* Frameworks */ = {
			isa = PBXFrameworksBuildPhase;
			buildActionMask = 2147483647;
			files = (
			);
			runOnlyForDeploymentPostprocessing = 0;
		};
		FBB65B412BC928EB00B2B905 /* Frameworks */ = {
			isa = PBXFrameworksBuildPhase;
			buildActionMask = 2147483647;
			files = (
			);
			runOnlyForDeploymentPostprocessing = 0;
		};
/* End PBXFrameworksBuildPhase section */

/* Begin PBXGroup section */
		FBA2BD952BC9796C0047FA3B /* Extension */ = {
			isa = PBXGroup;
			children = (
				FBA2BD962BC97AD20047FA3B /* ColorExtension.swift */,
				FBA2BD9A2BC982C00047FA3B /* ImageExtenion.swift */,
				FBA2BD9F2BC98E410047FA3B /* TimeExtension.swift */,
				FBA2BDA32BC991DF0047FA3B /* StringExtension.swift */,
			);
			path = Extension;
			sourceTree = "<group>";
		};
		FBA2BD9C2BC98BD80047FA3B /* Models */ = {
			isa = PBXGroup;
			children = (
				FBA2BD9D2BC98BEE0047FA3B /* StoreInfo.swift */,
				FBA2BDA12BC98F580047FA3B /* ProductInfo.swift */,
			);
			path = Models;
			sourceTree = "<group>";
		};
		FBB65B212BC928E700B2B905 = {
			isa = PBXGroup;
			children = (
				FBB65B2C2BC928E700B2B905 /* OPN _Challenge */,
				FBB65B3D2BC928EB00B2B905 /* OPN _ChallengeTests */,
				FBB65B472BC928EB00B2B905 /* OPN _ChallengeUITests */,
				FBB65B2B2BC928E700B2B905 /* Products */,
			);
			sourceTree = "<group>";
		};
		FBB65B2B2BC928E700B2B905 /* Products */ = {
			isa = PBXGroup;
			children = (
				FBB65B2A2BC928E700B2B905 /* OPN _Challenge.app */,
				FBB65B3A2BC928EB00B2B905 /* OPN _ChallengeTests.xctest */,
				FBB65B442BC928EB00B2B905 /* OPN _ChallengeUITests.xctest */,
			);
			name = Products;
			sourceTree = "<group>";
		};
		FBB65B2C2BC928E700B2B905 /* OPN _Challenge */ = {
			isa = PBXGroup;
			children = (
				FBB65B792BC931C100B2B905 /* CoreNetwork */,
				FBB65B582BC9299600B2B905 /* Uitls */,
				FBB65B5D2BC92DD500B2B905 /* App */,
				FBA2BD9C2BC98BD80047FA3B /* Models */,
				FBB65B572BC9298B00B2B905 /* Scenes */,
				FBB65B312BC928EA00B2B905 /* Assets.xcassets */,
				FBB65B332BC928EA00B2B905 /* Preview Content */,
			);
			path = "OPN _Challenge";
			sourceTree = "<group>";
		};
		FBB65B332BC928EA00B2B905 /* Preview Content */ = {
			isa = PBXGroup;
			children = (
				FBB65B342BC928EA00B2B905 /* Preview Assets.xcassets */,
			);
			path = "Preview Content";
			sourceTree = "<group>";
		};
		FBB65B3D2BC928EB00B2B905 /* OPN _ChallengeTests */ = {
			isa = PBXGroup;
			children = (
				FBB65B3E2BC928EB00B2B905 /* OPN__ChallengeTests.swift */,
			);
			path = "OPN _ChallengeTests";
			sourceTree = "<group>";
		};
		FBB65B472BC928EB00B2B905 /* OPN _ChallengeUITests */ = {
			isa = PBXGroup;
			children = (
				FBB65B482BC928EB00B2B905 /* OPN__ChallengeUITests.swift */,
				FBB65B4A2BC928EB00B2B905 /* OPN__ChallengeUITestsLaunchTests.swift */,
			);
			path = "OPN _ChallengeUITests";
			sourceTree = "<group>";
		};
		FBB65B572BC9298B00B2B905 /* Scenes */ = {
			isa = PBXGroup;
			children = (
				FBB65B852BC93D8C00B2B905 /* Success */,
				FBB65B822BC93D7000B2B905 /* Order */,
				FBB65B7F2BC93D1A00B2B905 /* StoreProduct */,
				FBB65B7C2BC93C9000B2B905 /* Splash */,
			);
			path = Scenes;
			sourceTree = "<group>";
		};
		FBB65B582BC9299600B2B905 /* Uitls */ = {
			isa = PBXGroup;
			children = (
				FBA2BD952BC9796C0047FA3B /* Extension */,
				FBA2BDA52BC992800047FA3B /* Constants.swift */,
			);
			path = Uitls;
			sourceTree = "<group>";
		};
		FBB65B5D2BC92DD500B2B905 /* App */ = {
			isa = PBXGroup;
			children = (
				FBB65B2D2BC928E700B2B905 /* OPN__ChallengeApp.swift */,
				FBB65B5E2BC92E1D00B2B905 /* AppCoordinator.swift */,
				FBB65B602BC92EA400B2B905 /* AppConstants.swift */,
				FBB65B622BC92EDA00B2B905 /* AccessibilityIdentifier.swift */,
				FBB65B642BC92EFB00B2B905 /* ViewFactory.swift */,
			);
			path = App;
			sourceTree = "<group>";
		};
		FBB65B792BC931C100B2B905 /* CoreNetwork */ = {
			isa = PBXGroup;
			children = (
				FBB65B7A2BC9327300B2B905 /* Repository.swift */,
			);
			path = CoreNetwork;
			sourceTree = "<group>";
		};
		FBB65B7C2BC93C9000B2B905 /* Splash */ = {
			isa = PBXGroup;
			children = (
				FBB65B7D2BC93CA300B2B905 /* SplashView.swift */,
			);
			path = Splash;
			sourceTree = "<group>";
		};
		FBB65B7F2BC93D1A00B2B905 /* StoreProduct */ = {
			isa = PBXGroup;
			children = (
				FBB65B802BC93D2900B2B905 /* StoreProductScreenView.swift */,
			);
			path = StoreProduct;
			sourceTree = "<group>";
		};
		FBB65B822BC93D7000B2B905 /* Order */ = {
			isa = PBXGroup;
			children = (
				FBB65B832BC93D7E00B2B905 /* OrderScreenView.swift */,
			);
			path = Order;
			sourceTree = "<group>";
		};
		FBB65B852BC93D8C00B2B905 /* Success */ = {
			isa = PBXGroup;
			children = (
				FBB65B862BC93D9700B2B905 /* SuccessSheetView.swift */,
			);
			path = Success;
			sourceTree = "<group>";
		};
/* End PBXGroup section */

/* Begin PBXNativeTarget section */
		FBB65B292BC928E700B2B905 /* OPN _Challenge */ = {
			isa = PBXNativeTarget;
			buildConfigurationList = FBB65B4E2BC928EB00B2B905 /* Build configuration list for PBXNativeTarget "OPN _Challenge" */;
			buildPhases = (
				FBB65B262BC928E700B2B905 /* Sources */,
				FBB65B272BC928E700B2B905 /* Frameworks */,
				FBB65B282BC928E700B2B905 /* Resources */,
				FBB65B782BC9306100B2B905 /* Embed Frameworks */,
			);
			buildRules = (
			);
			dependencies = (
			);
			name = "OPN _Challenge";
			productName = "OPN _Challenge";
			productReference = FBB65B2A2BC928E700B2B905 /* OPN _Challenge.app */;
			productType = "com.apple.product-type.application";
		};
		FBB65B392BC928EB00B2B905 /* OPN _ChallengeTests */ = {
			isa = PBXNativeTarget;
			buildConfigurationList = FBB65B512BC928EB00B2B905 /* Build configuration list for PBXNativeTarget "OPN _ChallengeTests" */;
			buildPhases = (
				FBB65B362BC928EB00B2B905 /* Sources */,
				FBB65B372BC928EB00B2B905 /* Frameworks */,
				FBB65B382BC928EB00B2B905 /* Resources */,
			);
			buildRules = (
			);
			dependencies = (
				FBB65B3C2BC928EB00B2B905 /* PBXTargetDependency */,
			);
			name = "OPN _ChallengeTests";
			productName = "OPN _ChallengeTests";
			productReference = FBB65B3A2BC928EB00B2B905 /* OPN _ChallengeTests.xctest */;
			productType = "com.apple.product-type.bundle.unit-test";
		};
		FBB65B432BC928EB00B2B905 /* OPN _ChallengeUITests */ = {
			isa = PBXNativeTarget;
			buildConfigurationList = FBB65B542BC928EB00B2B905 /* Build configuration list for PBXNativeTarget "OPN _ChallengeUITests" */;
			buildPhases = (
				FBB65B402BC928EB00B2B905 /* Sources */,
				FBB65B412BC928EB00B2B905 /* Frameworks */,
				FBB65B422BC928EB00B2B905 /* Resources */,
			);
			buildRules = (
			);
			dependencies = (
				FBB65B462BC928EB00B2B905 /* PBXTargetDependency */,
			);
			name = "OPN _ChallengeUITests";
			productName = "OPN _ChallengeUITests";
			productReference = FBB65B442BC928EB00B2B905 /* OPN _ChallengeUITests.xctest */;
			productType = "com.apple.product-type.bundle.ui-testing";
		};
/* End PBXNativeTarget section */

/* Begin PBXProject section */
		FBB65B222BC928E700B2B905 /* Project object */ = {
			isa = PBXProject;
			attributes = {
				BuildIndependentTargetsInParallel = 1;
				LastSwiftUpdateCheck = 1530;
				LastUpgradeCheck = 1530;
				TargetAttributes = {
					FBB65B292BC928E700B2B905 = {
						CreatedOnToolsVersion = 15.3;
					};
					FBB65B392BC928EB00B2B905 = {
						CreatedOnToolsVersion = 15.3;
						TestTargetID = FBB65B292BC928E700B2B905;
					};
					FBB65B432BC928EB00B2B905 = {
						CreatedOnToolsVersion = 15.3;
						TestTargetID = FBB65B292BC928E700B2B905;
					};
				};
			};
			buildConfigurationList = FBB65B252BC928E700B2B905 /* Build configuration list for PBXProject "OPN _Challenge" */;
			compatibilityVersion = "Xcode 14.0";
			developmentRegion = en;
			hasScannedForEncodings = 0;
			knownRegions = (
				en,
				Base,
			);
			mainGroup = FBB65B212BC928E700B2B905;
			productRefGroup = FBB65B2B2BC928E700B2B905 /* Products */;
			projectDirPath = "";
			projectRoot = "";
			targets = (
				FBB65B292BC928E700B2B905 /* OPN _Challenge */,
				FBB65B392BC928EB00B2B905 /* OPN _ChallengeTests */,
				FBB65B432BC928EB00B2B905 /* OPN _ChallengeUITests */,
			);
		};
/* End PBXProject section */

/* Begin PBXResourcesBuildPhase section */
		FBB65B282BC928E700B2B905 /* Resources */ = {
			isa = PBXResourcesBuildPhase;
			buildActionMask = 2147483647;
			files = (
				FBB65B352BC928EA00B2B905 /* Preview Assets.xcassets in Resources */,
				FBB65B322BC928EA00B2B905 /* Assets.xcassets in Resources */,
			);
			runOnlyForDeploymentPostprocessing = 0;
		};
		FBB65B382BC928EB00B2B905 /* Resources */ = {
			isa = PBXResourcesBuildPhase;
			buildActionMask = 2147483647;
			files = (
			);
			runOnlyForDeploymentPostprocessing = 0;
		};
		FBB65B422BC928EB00B2B905 /* Resources */ = {
			isa = PBXResourcesBuildPhase;
			buildActionMask = 2147483647;
			files = (
			);
			runOnlyForDeploymentPostprocessing = 0;
		};
/* End PBXResourcesBuildPhase section */

/* Begin PBXSourcesBuildPhase section */
		FBB65B262BC928E700B2B905 /* Sources */ = {
			isa = PBXSourcesBuildPhase;
			buildActionMask = 2147483647;
			files = (
				FBA2BDA02BC98E410047FA3B /* TimeExtension.swift in Sources */,
				FBA2BDA62BC992800047FA3B /* Constants.swift in Sources */,
				FBB65B7B2BC9327300B2B905 /* Repository.swift in Sources */,
				FBB65B7E2BC93CA300B2B905 /* SplashView.swift in Sources */,
				FBA2BDA22BC98F580047FA3B /* ProductInfo.swift in Sources */,
				FBA2BDA42BC991DF0047FA3B /* StringExtension.swift in Sources */,
				FBB65B5F2BC92E1D00B2B905 /* AppCoordinator.swift in Sources */,
				FBB65B812BC93D2900B2B905 /* StoreProductScreenView.swift in Sources */,
				FBB65B652BC92EFB00B2B905 /* ViewFactory.swift in Sources */,
				FBB65B632BC92EDA00B2B905 /* AccessibilityIdentifier.swift in Sources */,
				FBB65B872BC93D9700B2B905 /* SuccessSheetView.swift in Sources */,
				FBA2BD9B2BC982C00047FA3B /* ImageExtenion.swift in Sources */,
				FBA2BD9E2BC98BEE0047FA3B /* StoreInfo.swift in Sources */,
				FBB65B842BC93D7E00B2B905 /* OrderScreenView.swift in Sources */,
				FBB65B2E2BC928E700B2B905 /* OPN__ChallengeApp.swift in Sources */,
				FBA2BD972BC97AD20047FA3B /* ColorExtension.swift in Sources */,
				FBB65B612BC92EA400B2B905 /* AppConstants.swift in Sources */,
			);
			runOnlyForDeploymentPostprocessing = 0;
		};
		FBB65B362BC928EB00B2B905 /* Sources */ = {
			isa = PBXSourcesBuildPhase;
			buildActionMask = 2147483647;
			files = (
				FBB65B3F2BC928EB00B2B905 /* OPN__ChallengeTests.swift in Sources */,
			);
			runOnlyForDeploymentPostprocessing = 0;
		};
		FBB65B402BC928EB00B2B905 /* Sources */ = {
			isa = PBXSourcesBuildPhase;
			buildActionMask = 2147483647;
			files = (
				FBB65B4B2BC928EB00B2B905 /* OPN__ChallengeUITestsLaunchTests.swift in Sources */,
				FBB65B492BC928EB00B2B905 /* OPN__ChallengeUITests.swift in Sources */,
			);
			runOnlyForDeploymentPostprocessing = 0;
		};
/* End PBXSourcesBuildPhase section */

/* Begin PBXTargetDependency section */
		FBB65B3C2BC928EB00B2B905 /* PBXTargetDependency */ = {
			isa = PBXTargetDependency;
			target = FBB65B292BC928E700B2B905 /* OPN _Challenge */;
			targetProxy = FBB65B3B2BC928EB00B2B905 /* PBXContainerItemProxy */;
		};
		FBB65B462BC928EB00B2B905 /* PBXTargetDependency */ = {
			isa = PBXTargetDependency;
			target = FBB65B292BC928E700B2B905 /* OPN _Challenge */;
			targetProxy = FBB65B452BC928EB00B2B905 /* PBXContainerItemProxy */;
		};
/* End PBXTargetDependency section */

/* Begin XCBuildConfiguration section */
		FBB65B4C2BC928EB00B2B905 /* Debug */ = {
			isa = XCBuildConfiguration;
			buildSettings = {
				ALWAYS_SEARCH_USER_PATHS = NO;
				ASSETCATALOG_COMPILER_GENERATE_SWIFT_ASSET_SYMBOL_EXTENSIONS = YES;
				CLANG_ANALYZER_NONNULL = YES;
				CLANG_ANALYZER_NUMBER_OBJECT_CONVERSION = YES_AGGRESSIVE;
				CLANG_CXX_LANGUAGE_STANDARD = "gnu++20";
				CLANG_ENABLE_MODULES = YES;
				CLANG_ENABLE_OBJC_ARC = YES;
				CLANG_ENABLE_OBJC_WEAK = YES;
				CLANG_WARN_BLOCK_CAPTURE_AUTORELEASING = YES;
				CLANG_WARN_BOOL_CONVERSION = YES;
				CLANG_WARN_COMMA = YES;
				CLANG_WARN_CONSTANT_CONVERSION = YES;
				CLANG_WARN_DEPRECATED_OBJC_IMPLEMENTATIONS = YES;
				CLANG_WARN_DIRECT_OBJC_ISA_USAGE = YES_ERROR;
				CLANG_WARN_DOCUMENTATION_COMMENTS = YES;
				CLANG_WARN_EMPTY_BODY = YES;
				CLANG_WARN_ENUM_CONVERSION = YES;
				CLANG_WARN_INFINITE_RECURSION = YES;
				CLANG_WARN_INT_CONVERSION = YES;
				CLANG_WARN_NON_LITERAL_NULL_CONVERSION = YES;
				CLANG_WARN_OBJC_IMPLICIT_RETAIN_SELF = YES;
				CLANG_WARN_OBJC_LITERAL_CONVERSION = YES;
				CLANG_WARN_OBJC_ROOT_CLASS = YES_ERROR;
				CLANG_WARN_QUOTED_INCLUDE_IN_FRAMEWORK_HEADER = YES;
				CLANG_WARN_RANGE_LOOP_ANALYSIS = YES;
				CLANG_WARN_STRICT_PROTOTYPES = YES;
				CLANG_WARN_SUSPICIOUS_MOVE = YES;
				CLANG_WARN_UNGUARDED_AVAILABILITY = YES_AGGRESSIVE;
				CLANG_WARN_UNREACHABLE_CODE = YES;
				CLANG_WARN__DUPLICATE_METHOD_MATCH = YES;
				COPY_PHASE_STRIP = NO;
				DEBUG_INFORMATION_FORMAT = dwarf;
				ENABLE_STRICT_OBJC_MSGSEND = YES;
				ENABLE_TESTABILITY = YES;
				ENABLE_USER_SCRIPT_SANDBOXING = YES;
				GCC_C_LANGUAGE_STANDARD = gnu17;
				GCC_DYNAMIC_NO_PIC = NO;
				GCC_NO_COMMON_BLOCKS = YES;
				GCC_OPTIMIZATION_LEVEL = 0;
				GCC_PREPROCESSOR_DEFINITIONS = (
					"DEBUG=1",
					"$(inherited)",
				);
				GCC_WARN_64_TO_32_BIT_CONVERSION = YES;
				GCC_WARN_ABOUT_RETURN_TYPE = YES_ERROR;
				GCC_WARN_UNDECLARED_SELECTOR = YES;
				GCC_WARN_UNINITIALIZED_AUTOS = YES_AGGRESSIVE;
				GCC_WARN_UNUSED_FUNCTION = YES;
				GCC_WARN_UNUSED_VARIABLE = YES;
				IPHONEOS_DEPLOYMENT_TARGET = 17.4;
				LOCALIZATION_PREFERS_STRING_CATALOGS = YES;
				MTL_ENABLE_DEBUG_INFO = INCLUDE_SOURCE;
				MTL_FAST_MATH = YES;
				ONLY_ACTIVE_ARCH = YES;
				SDKROOT = iphoneos;
				SWIFT_ACTIVE_COMPILATION_CONDITIONS = "DEBUG $(inherited)";
				SWIFT_OPTIMIZATION_LEVEL = "-Onone";
			};
			name = Debug;
		};
		FBB65B4D2BC928EB00B2B905 /* Release */ = {
			isa = XCBuildConfiguration;
			buildSettings = {
				ALWAYS_SEARCH_USER_PATHS = NO;
				ASSETCATALOG_COMPILER_GENERATE_SWIFT_ASSET_SYMBOL_EXTENSIONS = YES;
				CLANG_ANALYZER_NONNULL = YES;
				CLANG_ANALYZER_NUMBER_OBJECT_CONVERSION = YES_AGGRESSIVE;
				CLANG_CXX_LANGUAGE_STANDARD = "gnu++20";
				CLANG_ENABLE_MODULES = YES;
				CLANG_ENABLE_OBJC_ARC = YES;
				CLANG_ENABLE_OBJC_WEAK = YES;
				CLANG_WARN_BLOCK_CAPTURE_AUTORELEASING = YES;
				CLANG_WARN_BOOL_CONVERSION = YES;
				CLANG_WARN_COMMA = YES;
				CLANG_WARN_CONSTANT_CONVERSION = YES;
				CLANG_WARN_DEPRECATED_OBJC_IMPLEMENTATIONS = YES;
				CLANG_WARN_DIRECT_OBJC_ISA_USAGE = YES_ERROR;
				CLANG_WARN_DOCUMENTATION_COMMENTS = YES;
				CLANG_WARN_EMPTY_BODY = YES;
				CLANG_WARN_ENUM_CONVERSION = YES;
				CLANG_WARN_INFINITE_RECURSION = YES;
				CLANG_WARN_INT_CONVERSION = YES;
				CLANG_WARN_NON_LITERAL_NULL_CONVERSION = YES;
				CLANG_WARN_OBJC_IMPLICIT_RETAIN_SELF = YES;
				CLANG_WARN_OBJC_LITERAL_CONVERSION = YES;
				CLANG_WARN_OBJC_ROOT_CLASS = YES_ERROR;
				CLANG_WARN_QUOTED_INCLUDE_IN_FRAMEWORK_HEADER = YES;
				CLANG_WARN_RANGE_LOOP_ANALYSIS = YES;
				CLANG_WARN_STRICT_PROTOTYPES = YES;
				CLANG_WARN_SUSPICIOUS_MOVE = YES;
				CLANG_WARN_UNGUARDED_AVAILABILITY = YES_AGGRESSIVE;
				CLANG_WARN_UNREACHABLE_CODE = YES;
				CLANG_WARN__DUPLICATE_METHOD_MATCH = YES;
				COPY_PHASE_STRIP = NO;
				DEBUG_INFORMATION_FORMAT = "dwarf-with-dsym";
				ENABLE_NS_ASSERTIONS = NO;
				ENABLE_STRICT_OBJC_MSGSEND = YES;
				ENABLE_USER_SCRIPT_SANDBOXING = YES;
				GCC_C_LANGUAGE_STANDARD = gnu17;
				GCC_NO_COMMON_BLOCKS = YES;
				GCC_WARN_64_TO_32_BIT_CONVERSION = YES;
				GCC_WARN_ABOUT_RETURN_TYPE = YES_ERROR;
				GCC_WARN_UNDECLARED_SELECTOR = YES;
				GCC_WARN_UNINITIALIZED_AUTOS = YES_AGGRESSIVE;
				GCC_WARN_UNUSED_FUNCTION = YES;
				GCC_WARN_UNUSED_VARIABLE = YES;
				IPHONEOS_DEPLOYMENT_TARGET = 17.4;
				LOCALIZATION_PREFERS_STRING_CATALOGS = YES;
				MTL_ENABLE_DEBUG_INFO = NO;
				MTL_FAST_MATH = YES;
				SDKROOT = iphoneos;
				SWIFT_COMPILATION_MODE = wholemodule;
				VALIDATE_PRODUCT = YES;
			};
			name = Release;
		};
		FBB65B4F2BC928EB00B2B905 /* Debug */ = {
			isa = XCBuildConfiguration;
			buildSettings = {
				ASSETCATALOG_COMPILER_APPICON_NAME = AppIcon;
				ASSETCATALOG_COMPILER_GLOBAL_ACCENT_COLOR_NAME = AccentColor;
				CODE_SIGN_STYLE = Automatic;
				CURRENT_PROJECT_VERSION = 1;
				DEVELOPMENT_ASSET_PATHS = "\"OPN _Challenge/Preview Content\"";
				ENABLE_PREVIEWS = YES;
				GENERATE_INFOPLIST_FILE = YES;
				INFOPLIST_KEY_UIApplicationSceneManifest_Generation = YES;
				INFOPLIST_KEY_UIApplicationSupportsIndirectInputEvents = YES;
				INFOPLIST_KEY_UILaunchScreen_Generation = YES;
				INFOPLIST_KEY_UISupportedInterfaceOrientations_iPad = "UIInterfaceOrientationPortrait UIInterfaceOrientationPortraitUpsideDown UIInterfaceOrientationLandscapeLeft UIInterfaceOrientationLandscapeRight";
				INFOPLIST_KEY_UISupportedInterfaceOrientations_iPhone = "UIInterfaceOrientationPortrait UIInterfaceOrientationLandscapeLeft UIInterfaceOrientationLandscapeRight";
				LD_RUNPATH_SEARCH_PATHS = (
					"$(inherited)",
					"@executable_path/Frameworks",
				);
				MARKETING_VERSION = 1.0;
				PRODUCT_BUNDLE_IDENTIFIER = "com.papon.s..OPN--Challenge";
				PRODUCT_NAME = "$(TARGET_NAME)";
				SWIFT_EMIT_LOC_STRINGS = YES;
				SWIFT_VERSION = 5.0;
				TARGETED_DEVICE_FAMILY = "1,2";
			};
			name = Debug;
		};
		FBB65B502BC928EB00B2B905 /* Release */ = {
			isa = XCBuildConfiguration;
			buildSettings = {
				ASSETCATALOG_COMPILER_APPICON_NAME = AppIcon;
				ASSETCATALOG_COMPILER_GLOBAL_ACCENT_COLOR_NAME = AccentColor;
				CODE_SIGN_STYLE = Automatic;
				CURRENT_PROJECT_VERSION = 1;
				DEVELOPMENT_ASSET_PATHS = "\"OPN _Challenge/Preview Content\"";
				ENABLE_PREVIEWS = YES;
				GENERATE_INFOPLIST_FILE = YES;
				INFOPLIST_KEY_UIApplicationSceneManifest_Generation = YES;
				INFOPLIST_KEY_UIApplicationSupportsIndirectInputEvents = YES;
				INFOPLIST_KEY_UILaunchScreen_Generation = YES;
				INFOPLIST_KEY_UISupportedInterfaceOrientations_iPad = "UIInterfaceOrientationPortrait UIInterfaceOrientationPortraitUpsideDown UIInterfaceOrientationLandscapeLeft UIInterfaceOrientationLandscapeRight";
				INFOPLIST_KEY_UISupportedInterfaceOrientations_iPhone = "UIInterfaceOrientationPortrait UIInterfaceOrientationLandscapeLeft UIInterfaceOrientationLandscapeRight";
				LD_RUNPATH_SEARCH_PATHS = (
					"$(inherited)",
					"@executable_path/Frameworks",
				);
				MARKETING_VERSION = 1.0;
				PRODUCT_BUNDLE_IDENTIFIER = "com.papon.s..OPN--Challenge";
				PRODUCT_NAME = "$(TARGET_NAME)";
				SWIFT_EMIT_LOC_STRINGS = YES;
				SWIFT_VERSION = 5.0;
				TARGETED_DEVICE_FAMILY = "1,2";
			};
			name = Release;
		};
		FBB65B522BC928EB00B2B905 /* Debug */ = {
			isa = XCBuildConfiguration;
			buildSettings = {
				ALWAYS_EMBED_SWIFT_STANDARD_LIBRARIES = YES;
				BUNDLE_LOADER = "$(TEST_HOST)";
				CODE_SIGN_STYLE = Automatic;
				CURRENT_PROJECT_VERSION = 1;
				GENERATE_INFOPLIST_FILE = YES;
				IPHONEOS_DEPLOYMENT_TARGET = 17.4;
				MARKETING_VERSION = 1.0;
				PRODUCT_BUNDLE_IDENTIFIER = "com.papon.s..OPN--ChallengeTests";
				PRODUCT_NAME = "$(TARGET_NAME)";
				SWIFT_EMIT_LOC_STRINGS = NO;
				SWIFT_VERSION = 5.0;
				TARGETED_DEVICE_FAMILY = "1,2";
				TEST_HOST = "$(BUILT_PRODUCTS_DIR)/OPN _Challenge.app/$(BUNDLE_EXECUTABLE_FOLDER_PATH)/OPN _Challenge";
			};
			name = Debug;
		};
		FBB65B532BC928EB00B2B905 /* Release */ = {
			isa = XCBuildConfiguration;
			buildSettings = {
				ALWAYS_EMBED_SWIFT_STANDARD_LIBRARIES = YES;
				BUNDLE_LOADER = "$(TEST_HOST)";
				CODE_SIGN_STYLE = Automatic;
				CURRENT_PROJECT_VERSION = 1;
				GENERATE_INFOPLIST_FILE = YES;
				IPHONEOS_DEPLOYMENT_TARGET = 17.4;
				MARKETING_VERSION = 1.0;
				PRODUCT_BUNDLE_IDENTIFIER = "com.papon.s..OPN--ChallengeTests";
				PRODUCT_NAME = "$(TARGET_NAME)";
				SWIFT_EMIT_LOC_STRINGS = NO;
				SWIFT_VERSION = 5.0;
				TARGETED_DEVICE_FAMILY = "1,2";
				TEST_HOST = "$(BUILT_PRODUCTS_DIR)/OPN _Challenge.app/$(BUNDLE_EXECUTABLE_FOLDER_PATH)/OPN _Challenge";
			};
			name = Release;
		};
		FBB65B552BC928EB00B2B905 /* Debug */ = {
			isa = XCBuildConfiguration;
			buildSettings = {
				ALWAYS_EMBED_SWIFT_STANDARD_LIBRARIES = YES;
				CODE_SIGN_STYLE = Automatic;
				CURRENT_PROJECT_VERSION = 1;
				GENERATE_INFOPLIST_FILE = YES;
				MARKETING_VERSION = 1.0;
				PRODUCT_BUNDLE_IDENTIFIER = "com.papon.s..OPN--ChallengeUITests";
				PRODUCT_NAME = "$(TARGET_NAME)";
				SWIFT_EMIT_LOC_STRINGS = NO;
				SWIFT_VERSION = 5.0;
				TARGETED_DEVICE_FAMILY = "1,2";
				TEST_TARGET_NAME = "OPN _Challenge";
			};
			name = Debug;
		};
		FBB65B562BC928EB00B2B905 /* Release */ = {
			isa = XCBuildConfiguration;
			buildSettings = {
				ALWAYS_EMBED_SWIFT_STANDARD_LIBRARIES = YES;
				CODE_SIGN_STYLE = Automatic;
				CURRENT_PROJECT_VERSION = 1;
				GENERATE_INFOPLIST_FILE = YES;
				MARKETING_VERSION = 1.0;
				PRODUCT_BUNDLE_IDENTIFIER = "com.papon.s..OPN--ChallengeUITests";
				PRODUCT_NAME = "$(TARGET_NAME)";
				SWIFT_EMIT_LOC_STRINGS = NO;
				SWIFT_VERSION = 5.0;
				TARGETED_DEVICE_FAMILY = "1,2";
				TEST_TARGET_NAME = "OPN _Challenge";
			};
			name = Release;
		};
/* End XCBuildConfiguration section */

/* Begin XCConfigurationList section */
		FBB65B252BC928E700B2B905 /* Build configuration list for PBXProject "OPN _Challenge" */ = {
			isa = XCConfigurationList;
			buildConfigurations = (
				FBB65B4C2BC928EB00B2B905 /* Debug */,
				FBB65B4D2BC928EB00B2B905 /* Release */,
			);
			defaultConfigurationIsVisible = 0;
			defaultConfigurationName = Release;
		};
		FBB65B4E2BC928EB00B2B905 /* Build configuration list for PBXNativeTarget "OPN _Challenge" */ = {
			isa = XCConfigurationList;
			buildConfigurations = (
				FBB65B4F2BC928EB00B2B905 /* Debug */,
				FBB65B502BC928EB00B2B905 /* Release */,
			);
			defaultConfigurationIsVisible = 0;
			defaultConfigurationName = Release;
		};
		FBB65B512BC928EB00B2B905 /* Build configuration list for PBXNativeTarget "OPN _ChallengeTests" */ = {
			isa = XCConfigurationList;
			buildConfigurations = (
				FBB65B522BC928EB00B2B905 /* Debug */,
				FBB65B532BC928EB00B2B905 /* Release */,
			);
			defaultConfigurationIsVisible = 0;
			defaultConfigurationName = Release;
		};
		FBB65B542BC928EB00B2B905 /* Build configuration list for PBXNativeTarget "OPN _ChallengeUITests" */ = {
			isa = XCConfigurationList;
			buildConfigurations = (
				FBB65B552BC928EB00B2B905 /* Debug */,
				FBB65B562BC928EB00B2B905 /* Release */,
			);
			defaultConfigurationIsVisible = 0;
			defaultConfigurationName = Release;
		};
/* End XCConfigurationList section */
	};
	rootObject = FBB65B222BC928E700B2B905 /* Project object */;
}
